// !$*UTF8*$!
{
	archiveVersion = 1;
	classes = {
	};
	objectVersion = 77;
	objects = {

/* Begin PBXBuildFile section */
		01724B909A11F36C4F06A1C4 /* CardSource.swift in Sources */ = {isa = PBXBuildFile; fileRef = 2FBFD3B8BFE37D12FFE94112 /* CardSource.swift */; };
		02123F1CF119C917CD9D037E /* HourlySignalCharts.swift in Sources */ = {isa = PBXBuildFile; fileRef = 2F99EE9A6F6B4F3CFECD237D /* HourlySignalCharts.swift */; };
		09E9B6F3D594E5549162467E /* IconPickerSheet.swift in Sources */ = {isa = PBXBuildFile; fileRef = 73A185B054E2C91ABE8F9DFF /* IconPickerSheet.swift */; };
		0E244EDF4E0543DA8B838869 /* TrendNarrativeCard.swift in Sources */ = {isa = PBXBuildFile; fileRef = 4FA139BDBDFF7D621A0CAFE0 /* TrendNarrativeCard.swift */; };
		14D3226EE464F1785D152EC8 /* DayDetailView.swift in Sources */ = {isa = PBXBuildFile; fileRef = 9860C55137A33E1A1B76FAE8 /* DayDetailView.swift */; };
		15F314042E6CECBE694C5032 /* InspectorPaneHeader.swift in Sources */ = {isa = PBXBuildFile; fileRef = 29A1AFFB01CBC4D6E373A79A /* InspectorPaneHeader.swift */; };
		18CF72984BFE0EB49DA214A2 /* SessionTimelineView.swift in Sources */ = {isa = PBXBuildFile; fileRef = E20618B2C6E05BC0BA91EA00 /* SessionTimelineView.swift */; };
		1A890808947AEFF17CE27908 /* StatCard.swift in Sources */ = {isa = PBXBuildFile; fileRef = 86917F47386EB72167DE2A0F /* StatCard.swift */; };
		1C39D56DC8F1FA32A258072F /* FlowLayout.swift in Sources */ = {isa = PBXBuildFile; fileRef = ADA05F4E7B0BF1624722B10C /* FlowLayout.swift */; };
		1CEAFC1FE9986D0B8D2FDFA9 /* AHIHourlyChart.swift in Sources */ = {isa = PBXBuildFile; fileRef = 755EFCFE1B1750A9ABE30406 /* AHIHourlyChart.swift */; };
		1F2B83D1E38CCEB684446BB2 /* AdvancedChartingView.swift in Sources */ = {isa = PBXBuildFile; fileRef = 49BE9F94F371D67AB0D01F05 /* AdvancedChartingView.swift */; };
		212BC53294F451B0D0EF5EA7 /* WindowControlAccessor.swift in Sources */ = {isa = PBXBuildFile; fileRef = 7CAC2E76E74D9E219323127C /* WindowControlAccessor.swift */; };
		2343E2D6E118198413F5E556 /* Snorecard-Slimer.icon in Resources */ = {isa = PBXBuildFile; fileRef = 099CFC6D44F84BD3604CD1B6 /* Snorecard-Slimer.icon */; };
		237DFD13A1D3651AFB7F3CD2 /* Snorecard-Oscar.icon in Resources */ = {isa = PBXBuildFile; fileRef = 803D46073F26E6AA4413092D /* Snorecard-Oscar.icon */; };
		27F226045AFF76FE9C27F007 /* LoadingView.swift in Sources */ = {isa = PBXBuildFile; fileRef = 0F85425A6C4E977C75813A1E /* LoadingView.swift */; };
		2BAA884B6AD33FB08FBB46D4 /* SnorecardKit in Frameworks */ = {isa = PBXBuildFile; productRef = DDDC85A59813C7B5309429E2 /* SnorecardKit */; };
		2EAAE8503F4E3A1DC7AA1C2D /* SnorecardApp.swift in Sources */ = {isa = PBXBuildFile; fileRef = 722D23C564C439409491B429 /* SnorecardApp.swift */; };
		2FEF3ECFC13C2E82F8943ECB /* WindowControlAccessor.swift in Sources */ = {isa = PBXBuildFile; fileRef = 7CAC2E76E74D9E219323127C /* WindowControlAccessor.swift */; };
		3014163F65DDE7F94A111788 /* EventDonutView.swift in Sources */ = {isa = PBXBuildFile; fileRef = 49B7B53E724F0E12B081B827 /* EventDonutView.swift */; };
		33CC3C1C20A116939A60A0C7 /* OverviewView.swift in Sources */ = {isa = PBXBuildFile; fileRef = 0CC9B5715C49902A1BC2AC38 /* OverviewView.swift */; };
		35FBDECBEB38B317CFC17C77 /* DeviceNotesCard.swift in Sources */ = {isa = PBXBuildFile; fileRef = 6AAAD964BB003BB6ECF52278 /* DeviceNotesCard.swift */; };
		37DD6071D630B3789CEAD2B0 /* FloatingActionBar.swift in Sources */ = {isa = PBXBuildFile; fileRef = 4D01BD9D312161180297342B /* FloatingActionBar.swift */; };
		3B2BC9F64A3B10FB028B88D4 /* Snorecard.icon in Resources */ = {isa = PBXBuildFile; fileRef = B7D3A08725D70B6A35104190 /* Snorecard.icon */; };
		44E6157A799CFD9FABE10136 /* DeviceNotesCard.swift in Sources */ = {isa = PBXBuildFile; fileRef = 6AAAD964BB003BB6ECF52278 /* DeviceNotesCard.swift */; };
		46625453E1E56CB0E06D63E7 /* Snorecard-Inverted.icon in Resources */ = {isa = PBXBuildFile; fileRef = C7263BF411326B541811D4A3 /* Snorecard-Inverted.icon */; };
		47BDAC9F935239C87D79FB5C /* FloatingActionBar.swift in Sources */ = {isa = PBXBuildFile; fileRef = 4D01BD9D312161180297342B /* FloatingActionBar.swift */; };
		4D9BE8677A85742874DB8EAC /* NightSummaryCard.swift in Sources */ = {isa = PBXBuildFile; fileRef = 60A45553900FBA215B415695 /* NightSummaryCard.swift */; };
		58EA56F42785887A575234D9 /* HourlySignalCharts.swift in Sources */ = {isa = PBXBuildFile; fileRef = 2F99EE9A6F6B4F3CFECD237D /* HourlySignalCharts.swift */; };
		59532FC42B30F4E2F23C1D48 /* Snorecard-Joey.icon in Resources */ = {isa = PBXBuildFile; fileRef = 0B6AAABBE89C89D502593E1D /* Snorecard-Joey.icon */; };
		59A5837AE78BCBF4369DF7FF /* ContentView.swift in Sources */ = {isa = PBXBuildFile; fileRef = FB115042FD0555DF4AFECD0E /* ContentView.swift */; };
		5AF189E476062DCEA6F7C3CD /* WaveformSection.swift in Sources */ = {isa = PBXBuildFile; fileRef = 0BB845B37738C83DE8A5B6FF /* WaveformSection.swift */; };
		5F0EA2B2783AB0A6F50E0FFD /* WaveformSection.swift in Sources */ = {isa = PBXBuildFile; fileRef = 0BB845B37738C83DE8A5B6FF /* WaveformSection.swift */; };
		615A9F9CC9633EC81107A811 /* FolderPicker.swift in Sources */ = {isa = PBXBuildFile; fileRef = 25585379882456B32947615A /* FolderPicker.swift */; };
		689EA6C18BFCE2D56EF9B7D4 /* Assets.xcassets in Resources */ = {isa = PBXBuildFile; fileRef = 8A07D7D5ACB6B80C10E0145F /* Assets.xcassets */; };
		68D1B12B986E4258C47F46A8 /* AdvancedChartingView.swift in Sources */ = {isa = PBXBuildFile; fileRef = 49BE9F94F371D67AB0D01F05 /* AdvancedChartingView.swift */; };
		6BE2F7C24C6199A50A408A71 /* Library.swift in Sources */ = {isa = PBXBuildFile; fileRef = 3936E5AE9456EE22D83787A3 /* Library.swift */; };
		6E01C40ABC1DC3CBFFE56E0B /* Snorecard-Oscar.icon in Resources */ = {isa = PBXBuildFile; fileRef = 803D46073F26E6AA4413092D /* Snorecard-Oscar.icon */; };
		6E2D77655CCDBBE0D8DB2555 /* SnorecardKit in Frameworks */ = {isa = PBXBuildFile; productRef = F331343F6F2AFEA1F2269EEA /* SnorecardKit */; };
		6FB6F885D048FF4AE6B38EED /* Snorecard-Claude.icon in Resources */ = {isa = PBXBuildFile; fileRef = 921A499B2F22084A2BD06D66 /* Snorecard-Claude.icon */; };
		75D5F5B0DB330F4179F9FA48 /* DailySettingsInspector.swift in Sources */ = {isa = PBXBuildFile; fileRef = 73ABBCAC89DC4F7860032256 /* DailySettingsInspector.swift */; };
		7A654618BFC0E167BFA4B8FF /* AHIHourlyChart.swift in Sources */ = {isa = PBXBuildFile; fileRef = 755EFCFE1B1750A9ABE30406 /* AHIHourlyChart.swift */; };
		7A9E9C118220CCFF77B186AC /* DailySignalSummaryTable.swift in Sources */ = {isa = PBXBuildFile; fileRef = F9823A0674BCEAC2CC0586A2 /* DailySignalSummaryTable.swift */; };
		7D4E5B2C18A7D12FA47DF39E /* EventDonutView.swift in Sources */ = {isa = PBXBuildFile; fileRef = 49B7B53E724F0E12B081B827 /* EventDonutView.swift */; };
		8047240FC6B1B672F0F3888E /* LoadingView.swift in Sources */ = {isa = PBXBuildFile; fileRef = 0F85425A6C4E977C75813A1E /* LoadingView.swift */; };
		8088C122E1E00BB6138F5C98 /* StatCard.swift in Sources */ = {isa = PBXBuildFile; fileRef = 86917F47386EB72167DE2A0F /* StatCard.swift */; };
		852AD2F79A37CA1FA67A8B25 /* Snorecard.icon in Resources */ = {isa = PBXBuildFile; fileRef = B7D3A08725D70B6A35104190 /* Snorecard.icon */; };
		87D9E9795AFD649C1330FB42 /* MetricExplainSheet.swift in Sources */ = {isa = PBXBuildFile; fileRef = B747A2CBB649FA04FD41E138 /* MetricExplainSheet.swift */; };
		8DDFF4E0A64DDDAF9EAE48D7 /* TrendNarrativeCard.swift in Sources */ = {isa = PBXBuildFile; fileRef = 4FA139BDBDFF7D621A0CAFE0 /* TrendNarrativeCard.swift */; };
		91F47D0DE45C209E62C50B08 /* CardSource.swift in Sources */ = {isa = PBXBuildFile; fileRef = 2FBFD3B8BFE37D12FFE94112 /* CardSource.swift */; };
		932D76CCD07D0C20A14E8C27 /* Snorecard-Inverted.icon in Resources */ = {isa = PBXBuildFile; fileRef = C7263BF411326B541811D4A3 /* Snorecard-Inverted.icon */; };
		94ACDAE1D9414571F11D0D67 /* SessionTimelineView.swift in Sources */ = {isa = PBXBuildFile; fileRef = E20618B2C6E05BC0BA91EA00 /* SessionTimelineView.swift */; };
		A2C6179E5EC7090AA3A4604E /* IconPickerSheet.swift in Sources */ = {isa = PBXBuildFile; fileRef = 73A185B054E2C91ABE8F9DFF /* IconPickerSheet.swift */; };
		A6C87AA9DC3CAEE39DC124B3 /* DailySignalSummaryTable.swift in Sources */ = {isa = PBXBuildFile; fileRef = F9823A0674BCEAC2CC0586A2 /* DailySignalSummaryTable.swift */; };
		AC510E3F49A711C07D621669 /* ContentView.swift in Sources */ = {isa = PBXBuildFile; fileRef = FB115042FD0555DF4AFECD0E /* ContentView.swift */; };
		B19FA7293CD3811BB334229E /* NightSummaryCard.swift in Sources */ = {isa = PBXBuildFile; fileRef = 60A45553900FBA215B415695 /* NightSummaryCard.swift */; };
		B958BA5F93D5A0546E7C1697 /* InspectorPaneHeader.swift in Sources */ = {isa = PBXBuildFile; fileRef = 29A1AFFB01CBC4D6E373A79A /* InspectorPaneHeader.swift */; };
		B9B927CFD7E2D8BE2F410AEC /* SnorecardApp.swift in Sources */ = {isa = PBXBuildFile; fileRef = 0F7B61C502CD6B1A299E2FFB /* SnorecardApp.swift */; };
		BA378A7C1C6A332B3E685606 /* MetricExplainSheet.swift in Sources */ = {isa = PBXBuildFile; fileRef = B747A2CBB649FA04FD41E138 /* MetricExplainSheet.swift */; };
		BF5A62BCAB08A78704738D53 /* BackupsView.swift in Sources */ = {isa = PBXBuildFile; fileRef = 54ACEDD6E4327EC06AAE6A0C /* BackupsView.swift */; };
		BFBCE1DE8BAF792C85CCA58F /* CorrelationHintsCard.swift in Sources */ = {isa = PBXBuildFile; fileRef = E14484C9969E51F9D1993BD7 /* CorrelationHintsCard.swift */; };
		C810AFE08ECC2BE7C5F2CCCB /* PlatformColor.swift in Sources */ = {isa = PBXBuildFile; fileRef = 2C0B33BE1E0A8AA0A1E4E810 /* PlatformColor.swift */; };
		CF85FDD451369E9EB50F30DC /* Snorecard-Slimer.icon in Resources */ = {isa = PBXBuildFile; fileRef = 099CFC6D44F84BD3604CD1B6 /* Snorecard-Slimer.icon */; };
		D4FB9B70DFAAB21D64B38AAA /* Snorecard-Claude.icon in Resources */ = {isa = PBXBuildFile; fileRef = 921A499B2F22084A2BD06D66 /* Snorecard-Claude.icon */; };
		D58ED823FEF04B57D5298D46 /* Assets.xcassets in Resources */ = {isa = PBXBuildFile; fileRef = 8A07D7D5ACB6B80C10E0145F /* Assets.xcassets */; };
		D62F4533A6CF0C93E719D3AE /* DayListView.swift in Sources */ = {isa = PBXBuildFile; fileRef = DC95D65DCCE2D8DCB43C1F6B /* DayListView.swift */; };
		D74609F82E3268E414246D58 /* PlatformColor.swift in Sources */ = {isa = PBXBuildFile; fileRef = 2C0B33BE1E0A8AA0A1E4E810 /* PlatformColor.swift */; };
		D88A174919214544AD7A4BB6 /* Library.swift in Sources */ = {isa = PBXBuildFile; fileRef = 3936E5AE9456EE22D83787A3 /* Library.swift */; };
		DA60A103DAFC2FF97CEBCF96 /* FlowLayout.swift in Sources */ = {isa = PBXBuildFile; fileRef = ADA05F4E7B0BF1624722B10C /* FlowLayout.swift */; };
		DC5B1C524F111CB9AD8FF2ED /* NotesCard.swift in Sources */ = {isa = PBXBuildFile; fileRef = 314A642CE58D016D8A5B1919 /* NotesCard.swift */; };
		DEE4196822751F027CD5DB00 /* CanvasWaveformCharts.swift in Sources */ = {isa = PBXBuildFile; fileRef = A31A4B9D5782C5855E3C91FE /* CanvasWaveformCharts.swift */; };
		DF8034BF9321A2BD78C38B13 /* NotesCard.swift in Sources */ = {isa = PBXBuildFile; fileRef = 314A642CE58D016D8A5B1919 /* NotesCard.swift */; };
		E2A340EC989C8E50E6050C24 /* CorrelationHintsCard.swift in Sources */ = {isa = PBXBuildFile; fileRef = E14484C9969E51F9D1993BD7 /* CorrelationHintsCard.swift */; };
		E5EC4EDAC2811B020C4AA807 /* Snorecard-Sadie.icon in Resources */ = {isa = PBXBuildFile; fileRef = 857059FD0458DE1E0DCE89C9 /* Snorecard-Sadie.icon */; };
		E925A255B55DC53835F8056F /* CanvasWaveformCharts.swift in Sources */ = {isa = PBXBuildFile; fileRef = A31A4B9D5782C5855E3C91FE /* CanvasWaveformCharts.swift */; };
		E95BBB2A9CFECD26FFA84696 /* BackupsView.swift in Sources */ = {isa = PBXBuildFile; fileRef = 54ACEDD6E4327EC06AAE6A0C /* BackupsView.swift */; };
		EA007307D3AE23AD81FAF0D9 /* DayDetailView.swift in Sources */ = {isa = PBXBuildFile; fileRef = 9860C55137A33E1A1B76FAE8 /* DayDetailView.swift */; };
		EB556C819027AE1F51218875 /* DailySettingsInspector.swift in Sources */ = {isa = PBXBuildFile; fileRef = 73ABBCAC89DC4F7860032256 /* DailySettingsInspector.swift */; };
		F14CA12481E8291C2404731A /* OverviewView.swift in Sources */ = {isa = PBXBuildFile; fileRef = 0CC9B5715C49902A1BC2AC38 /* OverviewView.swift */; };
		F1CA683CB95EF228D0287BA5 /* Snorecard-Joey.icon in Resources */ = {isa = PBXBuildFile; fileRef = 0B6AAABBE89C89D502593E1D /* Snorecard-Joey.icon */; };
		F476D8AAA2C3AE1E731599B8 /* Snorecard-Royale.icon in Resources */ = {isa = PBXBuildFile; fileRef = A86607131992DF43ED4E80ED /* Snorecard-Royale.icon */; };
		F8777E909FC7A13D1EF3E2CF /* Snorecard-Royale.icon in Resources */ = {isa = PBXBuildFile; fileRef = A86607131992DF43ED4E80ED /* Snorecard-Royale.icon */; };
		F9FC6D02360537E5E45D49CF /* DayListView.swift in Sources */ = {isa = PBXBuildFile; fileRef = DC95D65DCCE2D8DCB43C1F6B /* DayListView.swift */; };
		FCDDCD1E72B5331F4FFE81A3 /* FolderPicker.swift in Sources */ = {isa = PBXBuildFile; fileRef = 25585379882456B32947615A /* FolderPicker.swift */; };
		FDFC4456A06B7E0170BA208E /* Snorecard-Sadie.icon in Resources */ = {isa = PBXBuildFile; fileRef = 857059FD0458DE1E0DCE89C9 /* Snorecard-Sadie.icon */; };
/* End PBXBuildFile section */

/* Begin PBXFileReference section */
		099CFC6D44F84BD3604CD1B6 /* Snorecard-Slimer.icon */ = {isa = PBXFileReference; lastKnownFileType = wrapper.icon; path = "Snorecard-Slimer.icon"; sourceTree = "<group>"; };
		0B6AAABBE89C89D502593E1D /* Snorecard-Joey.icon */ = {isa = PBXFileReference; lastKnownFileType = wrapper.icon; path = "Snorecard-Joey.icon"; sourceTree = "<group>"; };
		0BB845B37738C83DE8A5B6FF /* WaveformSection.swift */ = {isa = PBXFileReference; lastKnownFileType = sourcecode.swift; path = WaveformSection.swift; sourceTree = "<group>"; };
		0CC9B5715C49902A1BC2AC38 /* OverviewView.swift */ = {isa = PBXFileReference; lastKnownFileType = sourcecode.swift; path = OverviewView.swift; sourceTree = "<group>"; };
		0F7B61C502CD6B1A299E2FFB /* SnorecardApp.swift */ = {isa = PBXFileReference; lastKnownFileType = sourcecode.swift; path = SnorecardApp.swift; sourceTree = "<group>"; };
		0F85425A6C4E977C75813A1E /* LoadingView.swift */ = {isa = PBXFileReference; lastKnownFileType = sourcecode.swift; path = LoadingView.swift; sourceTree = "<group>"; };
		156B080C6367D8E6B83EE050 /* Info.plist */ = {isa = PBXFileReference; lastKnownFileType = text.plist; path = Info.plist; sourceTree = "<group>"; };
		25585379882456B32947615A /* FolderPicker.swift */ = {isa = PBXFileReference; lastKnownFileType = sourcecode.swift; path = FolderPicker.swift; sourceTree = "<group>"; };
		29A1AFFB01CBC4D6E373A79A /* InspectorPaneHeader.swift */ = {isa = PBXFileReference; lastKnownFileType = sourcecode.swift; path = InspectorPaneHeader.swift; sourceTree = "<group>"; };
		2C0B33BE1E0A8AA0A1E4E810 /* PlatformColor.swift */ = {isa = PBXFileReference; lastKnownFileType = sourcecode.swift; path = PlatformColor.swift; sourceTree = "<group>"; };
		2F389374600456412824F0F6 /* Info.plist */ = {isa = PBXFileReference; lastKnownFileType = text.plist; path = Info.plist; sourceTree = "<group>"; };
		2F99EE9A6F6B4F3CFECD237D /* HourlySignalCharts.swift */ = {isa = PBXFileReference; lastKnownFileType = sourcecode.swift; path = HourlySignalCharts.swift; sourceTree = "<group>"; };
		2FBFD3B8BFE37D12FFE94112 /* CardSource.swift */ = {isa = PBXFileReference; lastKnownFileType = sourcecode.swift; path = CardSource.swift; sourceTree = "<group>"; };
		314A642CE58D016D8A5B1919 /* NotesCard.swift */ = {isa = PBXFileReference; lastKnownFileType = sourcecode.swift; path = NotesCard.swift; sourceTree = "<group>"; };
		31EE219CD297F228B03E4E9A /* Snorecard.app */ = {isa = PBXFileReference; explicitFileType = wrapper.application; includeInIndex = 0; path = Snorecard.app; sourceTree = BUILT_PRODUCTS_DIR; };
		3936E5AE9456EE22D83787A3 /* Library.swift */ = {isa = PBXFileReference; lastKnownFileType = sourcecode.swift; path = Library.swift; sourceTree = "<group>"; };
		49B7B53E724F0E12B081B827 /* EventDonutView.swift */ = {isa = PBXFileReference; lastKnownFileType = sourcecode.swift; path = EventDonutView.swift; sourceTree = "<group>"; };
		49BE9F94F371D67AB0D01F05 /* AdvancedChartingView.swift */ = {isa = PBXFileReference; lastKnownFileType = sourcecode.swift; path = AdvancedChartingView.swift; sourceTree = "<group>"; };
		4D01BD9D312161180297342B /* FloatingActionBar.swift */ = {isa = PBXFileReference; lastKnownFileType = sourcecode.swift; path = FloatingActionBar.swift; sourceTree = "<group>"; };
		4FA139BDBDFF7D621A0CAFE0 /* TrendNarrativeCard.swift */ = {isa = PBXFileReference; lastKnownFileType = sourcecode.swift; path = TrendNarrativeCard.swift; sourceTree = "<group>"; };
		54ACEDD6E4327EC06AAE6A0C /* BackupsView.swift */ = {isa = PBXFileReference; lastKnownFileType = sourcecode.swift; path = BackupsView.swift; sourceTree = "<group>"; };
		60A45553900FBA215B415695 /* NightSummaryCard.swift */ = {isa = PBXFileReference; lastKnownFileType = sourcecode.swift; path = NightSummaryCard.swift; sourceTree = "<group>"; };
		6AAAD964BB003BB6ECF52278 /* DeviceNotesCard.swift */ = {isa = PBXFileReference; lastKnownFileType = sourcecode.swift; path = DeviceNotesCard.swift; sourceTree = "<group>"; };
		6AF56B9E1D066E90C067AE57 /* Snorecard-iOS.entitlements */ = {isa = PBXFileReference; lastKnownFileType = text.plist.entitlements; path = "Snorecard-iOS.entitlements"; sourceTree = "<group>"; };
		722D23C564C439409491B429 /* SnorecardApp.swift */ = {isa = PBXFileReference; lastKnownFileType = sourcecode.swift; path = SnorecardApp.swift; sourceTree = "<group>"; };
		73A185B054E2C91ABE8F9DFF /* IconPickerSheet.swift */ = {isa = PBXFileReference; lastKnownFileType = sourcecode.swift; path = IconPickerSheet.swift; sourceTree = "<group>"; };
		73ABBCAC89DC4F7860032256 /* DailySettingsInspector.swift */ = {isa = PBXFileReference; lastKnownFileType = sourcecode.swift; path = DailySettingsInspector.swift; sourceTree = "<group>"; };
		755EFCFE1B1750A9ABE30406 /* AHIHourlyChart.swift */ = {isa = PBXFileReference; lastKnownFileType = sourcecode.swift; path = AHIHourlyChart.swift; sourceTree = "<group>"; };
		7CAC2E76E74D9E219323127C /* WindowControlAccessor.swift */ = {isa = PBXFileReference; lastKnownFileType = sourcecode.swift; path = WindowControlAccessor.swift; sourceTree = "<group>"; };
		803D46073F26E6AA4413092D /* Snorecard-Oscar.icon */ = {isa = PBXFileReference; lastKnownFileType = wrapper.icon; path = "Snorecard-Oscar.icon"; sourceTree = "<group>"; };
		857059FD0458DE1E0DCE89C9 /* Snorecard-Sadie.icon */ = {isa = PBXFileReference; lastKnownFileType = wrapper.icon; path = "Snorecard-Sadie.icon"; sourceTree = "<group>"; };
		86917F47386EB72167DE2A0F /* StatCard.swift */ = {isa = PBXFileReference; lastKnownFileType = sourcecode.swift; path = StatCard.swift; sourceTree = "<group>"; };
		8A07D7D5ACB6B80C10E0145F /* Assets.xcassets */ = {isa = PBXFileReference; lastKnownFileType = folder.assetcatalog; path = Assets.xcassets; sourceTree = "<group>"; };
		921A499B2F22084A2BD06D66 /* Snorecard-Claude.icon */ = {isa = PBXFileReference; lastKnownFileType = wrapper.icon; path = "Snorecard-Claude.icon"; sourceTree = "<group>"; };
		9860C55137A33E1A1B76FAE8 /* DayDetailView.swift */ = {isa = PBXFileReference; lastKnownFileType = sourcecode.swift; path = DayDetailView.swift; sourceTree = "<group>"; };
		9968A7935253F65EAC4A6F7D /* epic-shtern-c77f8e */ = {isa = PBXFileReference; lastKnownFileType = folder; name = "epic-shtern-c77f8e"; path = .; sourceTree = SOURCE_ROOT; };
		A31A4B9D5782C5855E3C91FE /* CanvasWaveformCharts.swift */ = {isa = PBXFileReference; lastKnownFileType = sourcecode.swift; path = CanvasWaveformCharts.swift; sourceTree = "<group>"; };
		A86607131992DF43ED4E80ED /* Snorecard-Royale.icon */ = {isa = PBXFileReference; lastKnownFileType = wrapper.icon; path = "Snorecard-Royale.icon"; sourceTree = "<group>"; };
		ADA05F4E7B0BF1624722B10C /* FlowLayout.swift */ = {isa = PBXFileReference; lastKnownFileType = sourcecode.swift; path = FlowLayout.swift; sourceTree = "<group>"; };
		B747A2CBB649FA04FD41E138 /* MetricExplainSheet.swift */ = {isa = PBXFileReference; lastKnownFileType = sourcecode.swift; path = MetricExplainSheet.swift; sourceTree = "<group>"; };
		B7D3A08725D70B6A35104190 /* Snorecard.icon */ = {isa = PBXFileReference; lastKnownFileType = wrapper.icon; path = Snorecard.icon; sourceTree = "<group>"; };
		C7263BF411326B541811D4A3 /* Snorecard-Inverted.icon */ = {isa = PBXFileReference; lastKnownFileType = wrapper.icon; path = "Snorecard-Inverted.icon"; sourceTree = "<group>"; };
		D2AF636BF6337EA599258DBC /* Snorecard-iOS.app */ = {isa = PBXFileReference; includeInIndex = 0; lastKnownFileType = wrapper.application; path = "Snorecard-iOS.app"; sourceTree = BUILT_PRODUCTS_DIR; };
		DC95D65DCCE2D8DCB43C1F6B /* DayListView.swift */ = {isa = PBXFileReference; lastKnownFileType = sourcecode.swift; path = DayListView.swift; sourceTree = "<group>"; };
		E14484C9969E51F9D1993BD7 /* CorrelationHintsCard.swift */ = {isa = PBXFileReference; lastKnownFileType = sourcecode.swift; path = CorrelationHintsCard.swift; sourceTree = "<group>"; };
		E20618B2C6E05BC0BA91EA00 /* SessionTimelineView.swift */ = {isa = PBXFileReference; lastKnownFileType = sourcecode.swift; path = SessionTimelineView.swift; sourceTree = "<group>"; };
		EA0E592B08C8DAE5450663B5 /* Snorecard.entitlements */ = {isa = PBXFileReference; lastKnownFileType = text.plist.entitlements; path = Snorecard.entitlements; sourceTree = "<group>"; };
		F9823A0674BCEAC2CC0586A2 /* DailySignalSummaryTable.swift */ = {isa = PBXFileReference; lastKnownFileType = sourcecode.swift; path = DailySignalSummaryTable.swift; sourceTree = "<group>"; };
		FB115042FD0555DF4AFECD0E /* ContentView.swift */ = {isa = PBXFileReference; lastKnownFileType = sourcecode.swift; path = ContentView.swift; sourceTree = "<group>"; };
/* End PBXFileReference section */

/* Begin PBXFrameworksBuildPhase section */
		3C6A08F258E2F9C853847259 /* Frameworks */ = {
			isa = PBXFrameworksBuildPhase;
			buildActionMask = 2147483647;
			files = (
				2BAA884B6AD33FB08FBB46D4 /* SnorecardKit in Frameworks */,
			);
			runOnlyForDeploymentPostprocessing = 0;
		};
		66974ACB573BD34B5B53B235 /* Frameworks */ = {
			isa = PBXFrameworksBuildPhase;
			buildActionMask = 2147483647;
			files = (
				6E2D77655CCDBBE0D8DB2555 /* SnorecardKit in Frameworks */,
			);
			runOnlyForDeploymentPostprocessing = 0;
		};
/* End PBXFrameworksBuildPhase section */

/* Begin PBXGroup section */
		1858B953B3DE13246EB101EA /* Resources */ = {
			isa = PBXGroup;
			children = (
				8A07D7D5ACB6B80C10E0145F /* Assets.xcassets */,
				921A499B2F22084A2BD06D66 /* Snorecard-Claude.icon */,
				C7263BF411326B541811D4A3 /* Snorecard-Inverted.icon */,
				0B6AAABBE89C89D502593E1D /* Snorecard-Joey.icon */,
				803D46073F26E6AA4413092D /* Snorecard-Oscar.icon */,
				A86607131992DF43ED4E80ED /* Snorecard-Royale.icon */,
				857059FD0458DE1E0DCE89C9 /* Snorecard-Sadie.icon */,
				099CFC6D44F84BD3604CD1B6 /* Snorecard-Slimer.icon */,
				B7D3A08725D70B6A35104190 /* Snorecard.icon */,
			);
			path = Resources;
			sourceTree = "<group>";
		};
		2F5716759F6BBEDA7385FF81 /* Snorecard */ = {
			isa = PBXGroup;
			children = (
				1858B953B3DE13246EB101EA /* Resources */,
				F7576FAF327AC9438B2FF71F /* Views */,
				2FBFD3B8BFE37D12FFE94112 /* CardSource.swift */,
				25585379882456B32947615A /* FolderPicker.swift */,
				3936E5AE9456EE22D83787A3 /* Library.swift */,
				2C0B33BE1E0A8AA0A1E4E810 /* PlatformColor.swift */,
				EA0E592B08C8DAE5450663B5 /* Snorecard.entitlements */,
			);
			path = Snorecard;
			sourceTree = "<group>";
		};
		2F758B9AA0A0F32BF3422E27 = {
			isa = PBXGroup;
			children = (
				52F18439A20DA704693A1730 /* Packages */,
				2F5716759F6BBEDA7385FF81 /* Snorecard */,
				D84256270E4D096BDC2C7300 /* Snorecard-iOS */,
				A61E37C3EB3F83062053E033 /* Snorecard-macOS */,
				61C7B0EC02818CA19D1A96F7 /* Products */,
			);
			sourceTree = "<group>";
		};
		52F18439A20DA704693A1730 /* Packages */ = {
			isa = PBXGroup;
			children = (
				9968A7935253F65EAC4A6F7D /* epic-shtern-c77f8e */,
			);
			name = Packages;
			sourceTree = "<group>";
		};
		61C7B0EC02818CA19D1A96F7 /* Products */ = {
			isa = PBXGroup;
			children = (
				D2AF636BF6337EA599258DBC /* Snorecard-iOS.app */,
				31EE219CD297F228B03E4E9A /* Snorecard.app */,
			);
			name = Products;
			sourceTree = "<group>";
		};
		A61E37C3EB3F83062053E033 /* Snorecard-macOS */ = {
			isa = PBXGroup;
			children = (
				2F389374600456412824F0F6 /* Info.plist */,
				722D23C564C439409491B429 /* SnorecardApp.swift */,
			);
			path = "Snorecard-macOS";
			sourceTree = "<group>";
		};
		D84256270E4D096BDC2C7300 /* Snorecard-iOS */ = {
			isa = PBXGroup;
			children = (
				156B080C6367D8E6B83EE050 /* Info.plist */,
				6AF56B9E1D066E90C067AE57 /* Snorecard-iOS.entitlements */,
				0F7B61C502CD6B1A299E2FFB /* SnorecardApp.swift */,
			);
			path = "Snorecard-iOS";
			sourceTree = "<group>";
		};
		F7576FAF327AC9438B2FF71F /* Views */ = {
			isa = PBXGroup;
			children = (
				49BE9F94F371D67AB0D01F05 /* AdvancedChartingView.swift */,
				755EFCFE1B1750A9ABE30406 /* AHIHourlyChart.swift */,
				54ACEDD6E4327EC06AAE6A0C /* BackupsView.swift */,
				A31A4B9D5782C5855E3C91FE /* CanvasWaveformCharts.swift */,
				FB115042FD0555DF4AFECD0E /* ContentView.swift */,
				E14484C9969E51F9D1993BD7 /* CorrelationHintsCard.swift */,
				73ABBCAC89DC4F7860032256 /* DailySettingsInspector.swift */,
				F9823A0674BCEAC2CC0586A2 /* DailySignalSummaryTable.swift */,
				9860C55137A33E1A1B76FAE8 /* DayDetailView.swift */,
				DC95D65DCCE2D8DCB43C1F6B /* DayListView.swift */,
				6AAAD964BB003BB6ECF52278 /* DeviceNotesCard.swift */,
				49B7B53E724F0E12B081B827 /* EventDonutView.swift */,
				4D01BD9D312161180297342B /* FloatingActionBar.swift */,
				ADA05F4E7B0BF1624722B10C /* FlowLayout.swift */,
				2F99EE9A6F6B4F3CFECD237D /* HourlySignalCharts.swift */,
				73A185B054E2C91ABE8F9DFF /* IconPickerSheet.swift */,
				29A1AFFB01CBC4D6E373A79A /* InspectorPaneHeader.swift */,
				0F85425A6C4E977C75813A1E /* LoadingView.swift */,
				B747A2CBB649FA04FD41E138 /* MetricExplainSheet.swift */,
				60A45553900FBA215B415695 /* NightSummaryCard.swift */,
				314A642CE58D016D8A5B1919 /* NotesCard.swift */,
				0CC9B5715C49902A1BC2AC38 /* OverviewView.swift */,
				E20618B2C6E05BC0BA91EA00 /* SessionTimelineView.swift */,
				86917F47386EB72167DE2A0F /* StatCard.swift */,
				4FA139BDBDFF7D621A0CAFE0 /* TrendNarrativeCard.swift */,
				0BB845B37738C83DE8A5B6FF /* WaveformSection.swift */,
				7CAC2E76E74D9E219323127C /* WindowControlAccessor.swift */,
			);
			path = Views;
			sourceTree = "<group>";
		};
/* End PBXGroup section */

/* Begin PBXNativeTarget section */
		2055C320287978F6AA410604 /* Snorecard */ = {
			isa = PBXNativeTarget;
			buildConfigurationList = 5872F7C0FAE57E649F016934 /* Build configuration list for PBXNativeTarget "Snorecard" */;
			buildPhases = (
				D56DF960D9653B61816F3A51 /* Sources */,
				12E5AB7B892E59CA8916A2B4 /* Resources */,
				3C6A08F258E2F9C853847259 /* Frameworks */,
			);
			buildRules = (
			);
			dependencies = (
			);
			name = Snorecard;
			packageProductDependencies = (
				DDDC85A59813C7B5309429E2 /* SnorecardKit */,
			);
			productName = Snorecard;
			productReference = 31EE219CD297F228B03E4E9A /* Snorecard.app */;
			productType = "com.apple.product-type.application";
		};
		E3B1A0FB2C4A9DC11AD486A2 /* Snorecard-iOS */ = {
			isa = PBXNativeTarget;
			buildConfigurationList = 4D01629EAF053D9E8BA48274 /* Build configuration list for PBXNativeTarget "Snorecard-iOS" */;
			buildPhases = (
				636DB66E46298051D787E264 /* Sources */,
				CF8FFEC4FEA7DAFF24E62A35 /* Resources */,
				66974ACB573BD34B5B53B235 /* Frameworks */,
			);
			buildRules = (
			);
			dependencies = (
			);
			name = "Snorecard-iOS";
			packageProductDependencies = (
				F331343F6F2AFEA1F2269EEA /* SnorecardKit */,
			);
			productName = "Snorecard-iOS";
			productReference = D2AF636BF6337EA599258DBC /* Snorecard-iOS.app */;
			productType = "com.apple.product-type.application";
		};
/* End PBXNativeTarget section */

/* Begin PBXProject section */
		FDABB1C93D2E1A86B7AA8F04 /* Project object */ = {
			isa = PBXProject;
			attributes = {
				BuildIndependentTargetsInParallel = YES;
				LastUpgradeCheck = 1430;
				TargetAttributes = {
					2055C320287978F6AA410604 = {
						DevelopmentTeam = CVZLL7XC62;
						ProvisioningStyle = Automatic;
					};
					E3B1A0FB2C4A9DC11AD486A2 = {
						DevelopmentTeam = CVZLL7XC62;
						ProvisioningStyle = Automatic;
					};
				};
			};
			buildConfigurationList = 5CC614EBA15CE70D018E6D71 /* Build configuration list for PBXProject "Snorecard" */;
			developmentRegion = en;
			hasScannedForEncodings = 0;
			knownRegions = (
				Base,
				en,
			);
			mainGroup = 2F758B9AA0A0F32BF3422E27;
			minimizedProjectReferenceProxies = 1;
			packageReferences = (
				4F4F88F5FAF4B49D7B13D02F /* XCLocalSwiftPackageReference "." */,
			);
			preferredProjectObjectVersion = 77;
			productRefGroup = 61C7B0EC02818CA19D1A96F7 /* Products */;
			projectDirPath = "";
			projectRoot = "";
			targets = (
				2055C320287978F6AA410604 /* Snorecard */,
				E3B1A0FB2C4A9DC11AD486A2 /* Snorecard-iOS */,
			);
		};
/* End PBXProject section */

/* Begin PBXResourcesBuildPhase section */
		12E5AB7B892E59CA8916A2B4 /* Resources */ = {
			isa = PBXResourcesBuildPhase;
			buildActionMask = 2147483647;
			files = (
				689EA6C18BFCE2D56EF9B7D4 /* Assets.xcassets in Resources */,
				6FB6F885D048FF4AE6B38EED /* Snorecard-Claude.icon in Resources */,
				932D76CCD07D0C20A14E8C27 /* Snorecard-Inverted.icon in Resources */,
				F1CA683CB95EF228D0287BA5 /* Snorecard-Joey.icon in Resources */,
				237DFD13A1D3651AFB7F3CD2 /* Snorecard-Oscar.icon in Resources */,
				F476D8AAA2C3AE1E731599B8 /* Snorecard-Royale.icon in Resources */,
				FDFC4456A06B7E0170BA208E /* Snorecard-Sadie.icon in Resources */,
				CF85FDD451369E9EB50F30DC /* Snorecard-Slimer.icon in Resources */,
				852AD2F79A37CA1FA67A8B25 /* Snorecard.icon in Resources */,
			);
			runOnlyForDeploymentPostprocessing = 0;
		};
		CF8FFEC4FEA7DAFF24E62A35 /* Resources */ = {
			isa = PBXResourcesBuildPhase;
			buildActionMask = 2147483647;
			files = (
				D58ED823FEF04B57D5298D46 /* Assets.xcassets in Resources */,
				D4FB9B70DFAAB21D64B38AAA /* Snorecard-Claude.icon in Resources */,
				46625453E1E56CB0E06D63E7 /* Snorecard-Inverted.icon in Resources */,
				59532FC42B30F4E2F23C1D48 /* Snorecard-Joey.icon in Resources */,
				6E01C40ABC1DC3CBFFE56E0B /* Snorecard-Oscar.icon in Resources */,
				F8777E909FC7A13D1EF3E2CF /* Snorecard-Royale.icon in Resources */,
				E5EC4EDAC2811B020C4AA807 /* Snorecard-Sadie.icon in Resources */,
				2343E2D6E118198413F5E556 /* Snorecard-Slimer.icon in Resources */,
				3B2BC9F64A3B10FB028B88D4 /* Snorecard.icon in Resources */,
			);
			runOnlyForDeploymentPostprocessing = 0;
		};
/* End PBXResourcesBuildPhase section */

/* Begin PBXSourcesBuildPhase section */
		636DB66E46298051D787E264 /* Sources */ = {
			isa = PBXSourcesBuildPhase;
			buildActionMask = 2147483647;
			files = (
				1CEAFC1FE9986D0B8D2FDFA9 /* AHIHourlyChart.swift in Sources */,
				68D1B12B986E4258C47F46A8 /* AdvancedChartingView.swift in Sources */,
				BF5A62BCAB08A78704738D53 /* BackupsView.swift in Sources */,
				DEE4196822751F027CD5DB00 /* CanvasWaveformCharts.swift in Sources */,
				91F47D0DE45C209E62C50B08 /* CardSource.swift in Sources */,
				AC510E3F49A711C07D621669 /* ContentView.swift in Sources */,
				BFBCE1DE8BAF792C85CCA58F /* CorrelationHintsCard.swift in Sources */,
				75D5F5B0DB330F4179F9FA48 /* DailySettingsInspector.swift in Sources */,
				A6C87AA9DC3CAEE39DC124B3 /* DailySignalSummaryTable.swift in Sources */,
				EA007307D3AE23AD81FAF0D9 /* DayDetailView.swift in Sources */,
				D62F4533A6CF0C93E719D3AE /* DayListView.swift in Sources */,
				44E6157A799CFD9FABE10136 /* DeviceNotesCard.swift in Sources */,
				7D4E5B2C18A7D12FA47DF39E /* EventDonutView.swift in Sources */,
				37DD6071D630B3789CEAD2B0 /* FloatingActionBar.swift in Sources */,
				DA60A103DAFC2FF97CEBCF96 /* FlowLayout.swift in Sources */,
				FCDDCD1E72B5331F4FFE81A3 /* FolderPicker.swift in Sources */,
				58EA56F42785887A575234D9 /* HourlySignalCharts.swift in Sources */,
				A2C6179E5EC7090AA3A4604E /* IconPickerSheet.swift in Sources */,
				15F314042E6CECBE694C5032 /* InspectorPaneHeader.swift in Sources */,
				6BE2F7C24C6199A50A408A71 /* Library.swift in Sources */,
				8047240FC6B1B672F0F3888E /* LoadingView.swift in Sources */,
				BA378A7C1C6A332B3E685606 /* MetricExplainSheet.swift in Sources */,
				4D9BE8677A85742874DB8EAC /* NightSummaryCard.swift in Sources */,
				DF8034BF9321A2BD78C38B13 /* NotesCard.swift in Sources */,
				33CC3C1C20A116939A60A0C7 /* OverviewView.swift in Sources */,
				C810AFE08ECC2BE7C5F2CCCB /* PlatformColor.swift in Sources */,
				94ACDAE1D9414571F11D0D67 /* SessionTimelineView.swift in Sources */,
				B9B927CFD7E2D8BE2F410AEC /* SnorecardApp.swift in Sources */,
				8088C122E1E00BB6138F5C98 /* StatCard.swift in Sources */,
				8DDFF4E0A64DDDAF9EAE48D7 /* TrendNarrativeCard.swift in Sources */,
				5F0EA2B2783AB0A6F50E0FFD /* WaveformSection.swift in Sources */,
				212BC53294F451B0D0EF5EA7 /* WindowControlAccessor.swift in Sources */,
			);
			runOnlyForDeploymentPostprocessing = 0;
		};
		D56DF960D9653B61816F3A51 /* Sources */ = {
			isa = PBXSourcesBuildPhase;
			buildActionMask = 2147483647;
			files = (
				7A654618BFC0E167BFA4B8FF /* AHIHourlyChart.swift in Sources */,
				1F2B83D1E38CCEB684446BB2 /* AdvancedChartingView.swift in Sources */,
				E95BBB2A9CFECD26FFA84696 /* BackupsView.swift in Sources */,
				E925A255B55DC53835F8056F /* CanvasWaveformCharts.swift in Sources */,
				01724B909A11F36C4F06A1C4 /* CardSource.swift in Sources */,
				59A5837AE78BCBF4369DF7FF /* ContentView.swift in Sources */,
				E2A340EC989C8E50E6050C24 /* CorrelationHintsCard.swift in Sources */,
				EB556C819027AE1F51218875 /* DailySettingsInspector.swift in Sources */,
				7A9E9C118220CCFF77B186AC /* DailySignalSummaryTable.swift in Sources */,
				14D3226EE464F1785D152EC8 /* DayDetailView.swift in Sources */,
				F9FC6D02360537E5E45D49CF /* DayListView.swift in Sources */,
				35FBDECBEB38B317CFC17C77 /* DeviceNotesCard.swift in Sources */,
				3014163F65DDE7F94A111788 /* EventDonutView.swift in Sources */,
				47BDAC9F935239C87D79FB5C /* FloatingActionBar.swift in Sources */,
				1C39D56DC8F1FA32A258072F /* FlowLayout.swift in Sources */,
				615A9F9CC9633EC81107A811 /* FolderPicker.swift in Sources */,
				02123F1CF119C917CD9D037E /* HourlySignalCharts.swift in Sources */,
				09E9B6F3D594E5549162467E /* IconPickerSheet.swift in Sources */,
				B958BA5F93D5A0546E7C1697 /* InspectorPaneHeader.swift in Sources */,
				D88A174919214544AD7A4BB6 /* Library.swift in Sources */,
				27F226045AFF76FE9C27F007 /* LoadingView.swift in Sources */,
				87D9E9795AFD649C1330FB42 /* MetricExplainSheet.swift in Sources */,
				B19FA7293CD3811BB334229E /* NightSummaryCard.swift in Sources */,
				DC5B1C524F111CB9AD8FF2ED /* NotesCard.swift in Sources */,
				F14CA12481E8291C2404731A /* OverviewView.swift in Sources */,
				D74609F82E3268E414246D58 /* PlatformColor.swift in Sources */,
				18CF72984BFE0EB49DA214A2 /* SessionTimelineView.swift in Sources */,
				2EAAE8503F4E3A1DC7AA1C2D /* SnorecardApp.swift in Sources */,
				1A890808947AEFF17CE27908 /* StatCard.swift in Sources */,
				0E244EDF4E0543DA8B838869 /* TrendNarrativeCard.swift in Sources */,
				5AF189E476062DCEA6F7C3CD /* WaveformSection.swift in Sources */,
				2FEF3ECFC13C2E82F8943ECB /* WindowControlAccessor.swift in Sources */,
			);
			runOnlyForDeploymentPostprocessing = 0;
		};
/* End PBXSourcesBuildPhase section */

/* Begin XCBuildConfiguration section */
		1C11057968406CC172841089 /* Release */ = {
			isa = XCBuildConfiguration;
			buildSettings = {
				ASSETCATALOG_COMPILER_ALTERNATE_APPICON_NAMES = (
					"Snorecard-Claude",
					"Snorecard-Inverted",
					"Snorecard-Joey",
					"Snorecard-Oscar",
					"Snorecard-Royale",
					"Snorecard-Sadie",
					"Snorecard-Slimer",
				);
				ASSETCATALOG_COMPILER_APPICON_NAME = Snorecard;
				CODE_SIGN_ENTITLEMENTS = "Snorecard-iOS/Snorecard-iOS.entitlements";
				CODE_SIGN_IDENTITY = "iPhone Developer";
				CODE_SIGN_STYLE = Automatic;
				CURRENT_PROJECT_VERSION = 1;
				DEAD_CODE_STRIPPING = YES;
				DEVELOPMENT_TEAM = CVZLL7XC62;
				INFOPLIST_FILE = "Snorecard-iOS/Info.plist";
				IPHONEOS_DEPLOYMENT_TARGET = 26.0;
				LD_RUNPATH_SEARCH_PATHS = (
					"$(inherited)",
					"@executable_path/Frameworks",
				);
				MARKETING_VERSION = 0.1.0;
				PRODUCT_BUNDLE_IDENTIFIER = com.vmstan.Snorecard.iOS;
				PRODUCT_NAME = Snorecard;
				SDKROOT = iphoneos;
				SWIFT_VERSION = 6.0;
				TARGETED_DEVICE_FAMILY = "1,2";
			};
			name = Release;
		};
		6B0E99F0B979BD9A322C6663 /* Debug */ = {
			isa = XCBuildConfiguration;
			buildSettings = {
				ASSETCATALOG_COMPILER_APPICON_NAME = Snorecard;
				CODE_SIGN_ENTITLEMENTS = Snorecard/Snorecard.entitlements;
				CODE_SIGN_STYLE = Automatic;
				COMBINE_HIDPI_IMAGES = YES;
				CURRENT_PROJECT_VERSION = 1;
				DEAD_CODE_STRIPPING = YES;
				DEVELOPMENT_TEAM = CVZLL7XC62;
				ENABLE_APP_SANDBOX = YES;
				ENABLE_HARDENED_RUNTIME = YES;
				INFOPLIST_FILE = "Snorecard-macOS/Info.plist";
				LD_RUNPATH_SEARCH_PATHS = (
					"$(inherited)",
					"@executable_path/../Frameworks",
				);
				MACOSX_DEPLOYMENT_TARGET = 26.0;
				MARKETING_VERSION = 0.1.0;
				PRODUCT_BUNDLE_IDENTIFIER = com.vmstan.Snorecard;
				PRODUCT_NAME = Snorecard;
				SDKROOT = macosx;
				SWIFT_VERSION = 6.0;
			};
			name = Debug;
		};
		832158C2F4D47BB20E7253CD /* Release */ = {
			isa = XCBuildConfiguration;
			buildSettings = {
				ASSETCATALOG_COMPILER_APPICON_NAME = Snorecard;
				CODE_SIGN_ENTITLEMENTS = Snorecard/Snorecard.entitlements;
				CODE_SIGN_STYLE = Automatic;
				COMBINE_HIDPI_IMAGES = YES;
				CURRENT_PROJECT_VERSION = 1;
				DEAD_CODE_STRIPPING = YES;
				DEVELOPMENT_TEAM = CVZLL7XC62;
				ENABLE_APP_SANDBOX = YES;
				ENABLE_HARDENED_RUNTIME = YES;
				INFOPLIST_FILE = "Snorecard-macOS/Info.plist";
				LD_RUNPATH_SEARCH_PATHS = (
					"$(inherited)",
					"@executable_path/../Frameworks",
				);
				MACOSX_DEPLOYMENT_TARGET = 26.0;
				MARKETING_VERSION = 0.1.0;
				PRODUCT_BUNDLE_IDENTIFIER = com.vmstan.Snorecard;
				PRODUCT_NAME = Snorecard;
				SDKROOT = macosx;
				SWIFT_VERSION = 6.0;
			};
			name = Release;
		};
		CCB41BC03C9842BAE530C1C7 /* Debug */ = {
			isa = XCBuildConfiguration;
			buildSettings = {
				ASSETCATALOG_COMPILER_ALTERNATE_APPICON_NAMES = (
					"Snorecard-Claude",
					"Snorecard-Inverted",
					"Snorecard-Joey",
					"Snorecard-Oscar",
					"Snorecard-Royale",
					"Snorecard-Sadie",
					"Snorecard-Slimer",
				);
				ASSETCATALOG_COMPILER_APPICON_NAME = Snorecard;
				CODE_SIGN_ENTITLEMENTS = "Snorecard-iOS/Snorecard-iOS.entitlements";
				CODE_SIGN_IDENTITY = "iPhone Developer";
				CODE_SIGN_STYLE = Automatic;
				CURRENT_PROJECT_VERSION = 1;
				DEAD_CODE_STRIPPING = YES;
				DEVELOPMENT_TEAM = CVZLL7XC62;
				INFOPLIST_FILE = "Snorecard-iOS/Info.plist";
				IPHONEOS_DEPLOYMENT_TARGET = 26.0;
				LD_RUNPATH_SEARCH_PATHS = (
					"$(inherited)",
					"@executable_path/Frameworks",
				);
				MARKETING_VERSION = 0.1.0;
				PRODUCT_BUNDLE_IDENTIFIER = com.vmstan.Snorecard.iOS;
				PRODUCT_NAME = Snorecard;
				SDKROOT = iphoneos;
				SWIFT_VERSION = 6.0;
				TARGETED_DEVICE_FAMILY = "1,2";
			};
			name = Debug;
		};
		D6872C0F1A2669B48E5FD0CB /* Debug */ = {
			isa = XCBuildConfiguration;
			buildSettings = {
				ALWAYS_SEARCH_USER_PATHS = NO;
				CLANG_ANALYZER_NONNULL = YES;
				CLANG_ANALYZER_NUMBER_OBJECT_CONVERSION = YES_AGGRESSIVE;
				CLANG_CXX_LANGUAGE_STANDARD = "gnu++14";
				CLANG_CXX_LIBRARY = "libc++";
				CLANG_ENABLE_MODULES = YES;
				CLANG_ENABLE_OBJC_ARC = YES;
				CLANG_ENABLE_OBJC_WEAK = YES;
				CLANG_WARN_BLOCK_CAPTURE_AUTORELEASING = YES;
				CLANG_WARN_BOOL_CONVERSION = YES;
				CLANG_WARN_COMMA = YES;
				CLANG_WARN_CONSTANT_CONVERSION = YES;
				CLANG_WARN_DEPRECATED_OBJC_IMPLEMENTATIONS = YES;
				CLANG_WARN_DIRECT_OBJC_ISA_USAGE = YES_ERROR;
				CLANG_WARN_DOCUMENTATION_COMMENTS = YES;
				CLANG_WARN_EMPTY_BODY = YES;
				CLANG_WARN_ENUM_CONVERSION = YES;
				CLANG_WARN_INFINITE_RECURSION = YES;
				CLANG_WARN_INT_CONVERSION = YES;
				CLANG_WARN_NON_LITERAL_NULL_CONVERSION = YES;
				CLANG_WARN_OBJC_IMPLICIT_RETAIN_SELF = YES;
				CLANG_WARN_OBJC_LITERAL_CONVERSION = YES;
				CLANG_WARN_OBJC_ROOT_CLASS = YES_ERROR;
				CLANG_WARN_QUOTED_INCLUDE_IN_FRAMEWORK_HEADER = YES;
				CLANG_WARN_RANGE_LOOP_ANALYSIS = YES;
				CLANG_WARN_STRICT_PROTOTYPES = YES;
				CLANG_WARN_SUSPICIOUS_MOVE = YES;
				CLANG_WARN_UNGUARDED_AVAILABILITY = YES_AGGRESSIVE;
				CLANG_WARN_UNREACHABLE_CODE = YES;
				CLANG_WARN__DUPLICATE_METHOD_MATCH = YES;
				COPY_PHASE_STRIP = NO;
				DEBUG_INFORMATION_FORMAT = dwarf;
				ENABLE_STRICT_OBJC_MSGSEND = YES;
				ENABLE_TESTABILITY = YES;
				GCC_C_LANGUAGE_STANDARD = gnu11;
				GCC_DYNAMIC_NO_PIC = NO;
				GCC_NO_COMMON_BLOCKS = YES;
				GCC_OPTIMIZATION_LEVEL = 0;
				GCC_PREPROCESSOR_DEFINITIONS = (
					"$(inherited)",
					"DEBUG=1",
				);
				GCC_WARN_64_TO_32_BIT_CONVERSION = YES;
				GCC_WARN_ABOUT_RETURN_TYPE = YES_ERROR;
				GCC_WARN_UNDECLARED_SELECTOR = YES;
				GCC_WARN_UNINITIALIZED_AUTOS = YES_AGGRESSIVE;
				GCC_WARN_UNUSED_FUNCTION = YES;
				GCC_WARN_UNUSED_VARIABLE = YES;
				IPHONEOS_DEPLOYMENT_TARGET = 26.0;
				MACOSX_DEPLOYMENT_TARGET = 26.0;
				MTL_ENABLE_DEBUG_INFO = INCLUDE_SOURCE;
				MTL_FAST_MATH = YES;
				ONLY_ACTIVE_ARCH = YES;
				PRODUCT_NAME = "$(TARGET_NAME)";
				SWIFT_ACTIVE_COMPILATION_CONDITIONS = DEBUG;
				SWIFT_OPTIMIZATION_LEVEL = "-Onone";
				SWIFT_VERSION = 5.0;
			};
			name = Debug;
		};
		EC91E76C14169063FF94B3CD /* Release */ = {
			isa = XCBuildConfiguration;
			buildSettings = {
				ALWAYS_SEARCH_USER_PATHS = NO;
				CLANG_ANALYZER_NONNULL = YES;
				CLANG_ANALYZER_NUMBER_OBJECT_CONVERSION = YES_AGGRESSIVE;
				CLANG_CXX_LANGUAGE_STANDARD = "gnu++14";
				CLANG_CXX_LIBRARY = "libc++";
				CLANG_ENABLE_MODULES = YES;
				CLANG_ENABLE_OBJC_ARC = YES;
				CLANG_ENABLE_OBJC_WEAK = YES;
				CLANG_WARN_BLOCK_CAPTURE_AUTORELEASING = YES;
				CLANG_WARN_BOOL_CONVERSION = YES;
				CLANG_WARN_COMMA = YES;
				CLANG_WARN_CONSTANT_CONVERSION = YES;
				CLANG_WARN_DEPRECATED_OBJC_IMPLEMENTATIONS = YES;
				CLANG_WARN_DIRECT_OBJC_ISA_USAGE = YES_ERROR;
				CLANG_WARN_DOCUMENTATION_COMMENTS = YES;
				CLANG_WARN_EMPTY_BODY = YES;
				CLANG_WARN_ENUM_CONVERSION = YES;
				CLANG_WARN_INFINITE_RECURSION = YES;
				CLANG_WARN_INT_CONVERSION = YES;
				CLANG_WARN_NON_LITERAL_NULL_CONVERSION = YES;
				CLANG_WARN_OBJC_IMPLICIT_RETAIN_SELF = YES;
				CLANG_WARN_OBJC_LITERAL_CONVERSION = YES;
				CLANG_WARN_OBJC_ROOT_CLASS = YES_ERROR;
				CLANG_WARN_QUOTED_INCLUDE_IN_FRAMEWORK_HEADER = YES;
				CLANG_WARN_RANGE_LOOP_ANALYSIS = YES;
				CLANG_WARN_STRICT_PROTOTYPES = YES;
				CLANG_WARN_SUSPICIOUS_MOVE = YES;
				CLANG_WARN_UNGUARDED_AVAILABILITY = YES_AGGRESSIVE;
				CLANG_WARN_UNREACHABLE_CODE = YES;
				CLANG_WARN__DUPLICATE_METHOD_MATCH = YES;
				COPY_PHASE_STRIP = NO;
				DEBUG_INFORMATION_FORMAT = "dwarf-with-dsym";
				ENABLE_NS_ASSERTIONS = NO;
				ENABLE_STRICT_OBJC_MSGSEND = YES;
				GCC_C_LANGUAGE_STANDARD = gnu11;
				GCC_NO_COMMON_BLOCKS = YES;
				GCC_WARN_64_TO_32_BIT_CONVERSION = YES;
				GCC_WARN_ABOUT_RETURN_TYPE = YES_ERROR;
				GCC_WARN_UNDECLARED_SELECTOR = YES;
				GCC_WARN_UNINITIALIZED_AUTOS = YES_AGGRESSIVE;
				GCC_WARN_UNUSED_FUNCTION = YES;
				GCC_WARN_UNUSED_VARIABLE = YES;
				IPHONEOS_DEPLOYMENT_TARGET = 26.0;
				MACOSX_DEPLOYMENT_TARGET = 26.0;
				MTL_ENABLE_DEBUG_INFO = NO;
				MTL_FAST_MATH = YES;
				PRODUCT_NAME = "$(TARGET_NAME)";
				SWIFT_COMPILATION_MODE = wholemodule;
				SWIFT_OPTIMIZATION_LEVEL = "-O";
				SWIFT_VERSION = 5.0;
			};
			name = Release;
		};
/* End XCBuildConfiguration section */

/* Begin XCConfigurationList section */
		4D01629EAF053D9E8BA48274 /* Build configuration list for PBXNativeTarget "Snorecard-iOS" */ = {
			isa = XCConfigurationList;
			buildConfigurations = (
				CCB41BC03C9842BAE530C1C7 /* Debug */,
				1C11057968406CC172841089 /* Release */,
			);
			defaultConfigurationIsVisible = 0;
			defaultConfigurationName = Debug;
		};
		5872F7C0FAE57E649F016934 /* Build configuration list for PBXNativeTarget "Snorecard" */ = {
			isa = XCConfigurationList;
			buildConfigurations = (
				6B0E99F0B979BD9A322C6663 /* Debug */,
				832158C2F4D47BB20E7253CD /* Release */,
			);
			defaultConfigurationIsVisible = 0;
			defaultConfigurationName = Debug;
		};
		5CC614EBA15CE70D018E6D71 /* Build configuration list for PBXProject "Snorecard" */ = {
			isa = XCConfigurationList;
			buildConfigurations = (
				D6872C0F1A2669B48E5FD0CB /* Debug */,
				EC91E76C14169063FF94B3CD /* Release */,
			);
			defaultConfigurationIsVisible = 0;
			defaultConfigurationName = Debug;
		};
/* End XCConfigurationList section */

/* Begin XCLocalSwiftPackageReference section */
		4F4F88F5FAF4B49D7B13D02F /* XCLocalSwiftPackageReference "." */ = {
			isa = XCLocalSwiftPackageReference;
			relativePath = .;
		};
/* End XCLocalSwiftPackageReference section */

/* Begin XCSwiftPackageProductDependency section */
		DDDC85A59813C7B5309429E2 /* SnorecardKit */ = {
			isa = XCSwiftPackageProductDependency;
			productName = SnorecardKit;
		};
		F331343F6F2AFEA1F2269EEA /* SnorecardKit */ = {
			isa = XCSwiftPackageProductDependency;
			productName = SnorecardKit;
		};
/* End XCSwiftPackageProductDependency section */
	};
	rootObject = FDABB1C93D2E1A86B7AA8F04 /* Project object */;
}
